
Microsoft Visual Studio Solution File, Format Version 12.00
# Visual Studio Version 16
VisualStudioVersion = 16.0.29806.167
MinimumVisualStudioVersion = 10.0.40219.1
Project("{FAE04EC0-301F-11D3-BF4B-00C04F79EFBC}") = "MiCalculadora", "MiCalculadora\MiCalculadora.csproj", "{C0316987-00CE-462B-B243-24F0A33B71F4}"
EndProject
Project("{FAE04EC0-301F-11D3-BF4B-00C04F79EFBC}") = "Entidades", "..\Entidades\Entidades\Entidades.csproj", "{9346AC1D-E1DD-449F-937B-C4E636E4F84D}"
EndProject
Global
	GlobalSection(SolutionConfigurationPlatforms) = preSolution
		Debug|Any CPU = Debug|Any CPU
		Release|Any CPU = Release|Any CPU
	EndGlobalSection
	GlobalSection(ProjectConfigurationPlatforms) = postSolution
		{C0316987-00CE-462B-B243-24F0A33B71F4}.Debug|Any CPU.ActiveCfg = Debug|Any CPU
		{C0316987-00CE-462B-B243-24F0A33B71F4}.Debug|Any CPU.Build.0 = Debug|Any CPU
		{C0316987-00CE-462B-B243-24F0A33B71F4}.Release|Any CPU.ActiveCfg = Release|Any CPU
		{C0316987-00CE-462B-B243-24F0A33B71F4}.Release|Any CPU.Build.0 = Release|Any CPU
		{9346AC1D-E1DD-449F-937B-C4E636E4F84D}.Debug|Any CPU.ActiveCfg = Debug|Any CPU
		{9346AC1D-E1DD-449F-937B-C4E636E4F84D}.Debug|Any CPU.Build.0 = Debug|Any CPU
		{9346AC1D-E1DD-449F-937B-C4E636E4F84D}.Release|Any CPU.ActiveCfg = Release|Any CPU
		{9346AC1D-E1DD-449F-937B-C4E636E4F84D}.Release|Any CPU.Build.0 = Release|Any CPU
	EndGlobalSection
	GlobalSection(SolutionProperties) = preSolution
		HideSolutionNode = FALSE
	EndGlobalSection
	GlobalSection(ExtensibilityGlobals) = postSolution
		SolutionGuid = {04CCDA11-DF5F-4BAF-8AFE-A5C79EE7992A}
	EndGlobalSection
EndGlobal
